PODS:
  - BASSGaplessAudioPlayer (0.0.1)
  - BCColor (0.2)
  - Interpolate (1.0.0)
  - MarqueeLabel (3.0.5):
    - MarqueeLabel/ObjC (= 3.0.5)
  - MarqueeLabel/ObjC (3.0.5)
  - NapySlider (0.3.4)

DEPENDENCIES:
  - BASSGaplessAudioPlayer (from `https://github.com/alecgorge/gapless-audio-bass-ios.git`)
  - BCColor
  - Interpolate
  - MarqueeLabel (~> 3.0.1)
  - NapySlider (from `https://github.com/farktronix/NapySlider.git`)

SPEC REPOS:
  https://github.com/cocoapods/specs.git:
    - BCColor
    - Interpolate
    - MarqueeLabel

EXTERNAL SOURCES:
  BASSGaplessAudioPlayer:
    :git: https://github.com/alecgorge/gapless-audio-bass-ios.git
  NapySlider:
    :git: https://github.com/farktronix/NapySlider.git

CHECKOUT OPTIONS:
  BASSGaplessAudioPlayer:
    :commit: 35cd7f1c695618d8b7e72bb20c420de889eab08a
    :git: https://github.com/alecgorge/gapless-audio-bass-ios.git
  NapySlider:
    :commit: 29a4baa832da53593ed76bd8dac7b1b26f8962df
    :git: https://github.com/farktronix/NapySlider.git

SPEC CHECKSUMS:
  BASSGaplessAudioPlayer: 5b074495769769192b720c70aa2a60f6f33751f3
  BCColor: 2425540cb0da92795b81a1f15b5289a92279c9eb
  Interpolate: cd0ab81375ff3ec7d9e6023e032f4a29f53df4ad
  MarqueeLabel: 8a25b2cf02cf52165022f01369e63536c58fcc00
  NapySlider: cdced5cf00e407e0a5f2cb0a6ef826b329cda024

PODFILE CHECKSUM: c9a5b752d2f11c7ae560d90b3735a071504561ee

COCOAPODS: 1.5.3
